{
  "object": {
    "pins": [
      {
        "package": "SwiftLocation",
        "repositoryURL": "https://github.com/malcommac/SwiftLocation",
        "state": {
          "branch": null,
          "revision": "f8ec8e97095eb3a5312370ad94b921768217625f",
          "version": "5.1.0"
        }
      },
      {
        "package": "UTMConversion",
        "repositoryURL": "https://github.com/wtw-software/UTMConversion",
        "state": {
          "branch": null,
          "revision": "53172a2f32b4c403a7ab362e0995fd48e9ef9d2b",
          "version": "1.4.0"
        }
      }
    ]
  },
  "version": 1
}
